github.com/mattn/go-sqlite3 v1.14.22 h1:2gZY6PC6kBnID23Tichd1K+Z0oS6nE/XwU+Vz/5o4kU=
github.com/mattn/go-sqlite3 v1.14.22/go.mod h1:Uh1q+B4BYcTPb+yiD3kU8Ct7aC0hY9fxUwlHK0RXw+Y=
github.com/vrodic/gtfs-sqlite/gtfsconv v0.0.0-20240808122830-648f4067ad54 h1:FyZkLgGY/W9Z6RH6TSiiPn5YFlcfzs2rzEaegp8hJqI=
github.com/vrodic/gtfs-sqlite/gtfsconv v0.0.0-20240808122830-648f4067ad54/go.mod h1:m5LxoFrq3fBD/mIzaYRzYp41k2IMhjmVxX/w4XkpiKg=
